{
  "name": "CS_520_final",
  "lockfileVersion": 3,
  "requires": true,
  "packages": {
    "": {
      "dependencies": {
        "@everapi/fxapi-js": "^1.0.0"
      }
    },
    "node_modules/@everapi/fxapi-js": {
      "version": "1.0.0",
      "resolved": "https://registry.npmjs.org/@everapi/fxapi-js/-/fxapi-js-1.0.0.tgz",
      "integrity": "sha512-RrYg4h22pFlCgrfrZLUwLF4akItJsv17CojI/p+kdpt6HqEO0onDzYJwAjsn2bpFzygpFAY5KY38MewAxi1vHA=="
    }
  }
}
